// !$*UTF8*$!
{
	archiveVersion = 1;
	classes = {
	};
	objectVersion = 55;
	objects = {

/* Begin PBXBuildFile section */
		2B8D95ED27B443D4002BD185 /* AcronymUITests.swift in Sources */ = {isa = PBXBuildFile; fileRef = 2B8D95EC27B443D4002BD185 /* AcronymUITests.swift */; };
		2B8D95EF27B443D4002BD185 /* AcronymUITestsLaunchTests.swift in Sources */ = {isa = PBXBuildFile; fileRef = 2B8D95EE27B443D4002BD185 /* AcronymUITestsLaunchTests.swift */; };
		2B8D961127B494AD002BD185 /* LaunchScreen.storyboard in Resources */ = {isa = PBXBuildFile; fileRef = 2B8D95D627B443D3002BD185 /* LaunchScreen.storyboard */; };
		2B8D961227B494B3002BD185 /* Main.storyboard in Resources */ = {isa = PBXBuildFile; fileRef = 2B8D95CE27B443CF002BD185 /* Main.storyboard */; };
		2B8D961327B494CD002BD185 /* Assets.xcassets in Resources */ = {isa = PBXBuildFile; fileRef = 2B8D95D427B443D3002BD185 /* Assets.xcassets */; };
		2B8D961527B494F2002BD185 /* SearchViewModel.swift in Sources */ = {isa = PBXBuildFile; fileRef = 2B8D960327B454DC002BD185 /* SearchViewModel.swift */; };
		2B8D961627B494F2002BD185 /* SearchTableViewCell.swift in Sources */ = {isa = PBXBuildFile; fileRef = 2B8D960527B46ECE002BD185 /* SearchTableViewCell.swift */; };
		2B8D961727B494F2002BD185 /* AppDelegate.swift in Sources */ = {isa = PBXBuildFile; fileRef = 2B8D95C827B443CF002BD185 /* AppDelegate.swift */; };
		2B8D961827B494F2002BD185 /* SceneDelegate.swift in Sources */ = {isa = PBXBuildFile; fileRef = 2B8D95CA27B443CF002BD185 /* SceneDelegate.swift */; };
		2B8D961B27B494F2002BD185 /* NetworkManager.swift in Sources */ = {isa = PBXBuildFile; fileRef = 2B8D95FE27B447BA002BD185 /* NetworkManager.swift */; };
		2B8D961D27B49512002BD185 /* SearchViewController.swift in Sources */ = {isa = PBXBuildFile; fileRef = 2B8D95CC27B443CF002BD185 /* SearchViewController.swift */; };
		2B8D961E27B49521002BD185 /* ResultModel.swift in Sources */ = {isa = PBXBuildFile; fileRef = 2B8D95FC27B4451A002BD185 /* ResultModel.swift */; };
		2B8D961F27B49554002BD185 /* SearchCellViewModel.swift in Sources */ = {isa = PBXBuildFile; fileRef = 2B8D960127B44EE9002BD185 /* SearchCellViewModel.swift */; };
		2B8D962127B50022002BD185 /* URLSessionProtocol.swift in Sources */ = {isa = PBXBuildFile; fileRef = 2B8D962027B50022002BD185 /* URLSessionProtocol.swift */; };
		2B8D962327B50435002BD185 /* URLSessionProtocolTests.swift in Sources */ = {isa = PBXBuildFile; fileRef = 2B8D962227B50435002BD185 /* URLSessionProtocolTests.swift */; };
		2B8D962527B50536002BD185 /* NetworkManagerTests.swift in Sources */ = {isa = PBXBuildFile; fileRef = 2B8D962427B50536002BD185 /* NetworkManagerTests.swift */; };
		2B8D962727B58389002BD185 /* MockURLSession.swift in Sources */ = {isa = PBXBuildFile; fileRef = 2B8D962627B58389002BD185 /* MockURLSession.swift */; };
		2B8D962D27B58710002BD185 /* GETResultsMissingValuesResponse.json in Resources */ = {isa = PBXBuildFile; fileRef = 2B8D962927B58710002BD185 /* GETResultsMissingValuesResponse.json */; };
		2B8D962E27B58710002BD185 /* Results.json in Resources */ = {isa = PBXBuildFile; fileRef = 2B8D962A27B58710002BD185 /* Results.json */; };
		2B8D962F27B58710002BD185 /* GETResultsResponse.json in Resources */ = {isa = PBXBuildFile; fileRef = 2B8D962B27B58710002BD185 /* GETResultsResponse.json */; };
		2B8D963227B58AB0002BD185 /* MockNetworkProtocol.swift in Sources */ = {isa = PBXBuildFile; fileRef = 2B8D963127B58AB0002BD185 /* MockNetworkProtocol.swift */; };
		2B8D963427B58D8A002BD185 /* ResultsModelTests.swift in Sources */ = {isa = PBXBuildFile; fileRef = 2B8D963327B58D8A002BD185 /* ResultsModelTests.swift */; };
		2B8D963827B5A01D002BD185 /* DecodableTestCase.swift in Sources */ = {isa = PBXBuildFile; fileRef = 2B8D963727B5A01D002BD185 /* DecodableTestCase.swift */; };
		2B8D963C27B5A6E4002BD185 /* Extensions.swift in Sources */ = {isa = PBXBuildFile; fileRef = 2B8D963B27B5A6E4002BD185 /* Extensions.swift */; };
/* End PBXBuildFile section */

/* Begin PBXContainerItemProxy section */
		2B8D95DF27B443D4002BD185 /* PBXContainerItemProxy */ = {
			isa = PBXContainerItemProxy;
			containerPortal = 2B8D95BD27B443CF002BD185 /* Project object */;
			proxyType = 1;
			remoteGlobalIDString = 2B8D95C427B443CF002BD185;
			remoteInfo = Acronym;
		};
		2B8D95E927B443D4002BD185 /* PBXContainerItemProxy */ = {
			isa = PBXContainerItemProxy;
			containerPortal = 2B8D95BD27B443CF002BD185 /* Project object */;
			proxyType = 1;
			remoteGlobalIDString = 2B8D95C427B443CF002BD185;
			remoteInfo = Acronym;
		};
/* End PBXContainerItemProxy section */

/* Begin PBXFileReference section */
		2B8D95C527B443CF002BD185 /* Acronym.app */ = {isa = PBXFileReference; explicitFileType = wrapper.application; includeInIndex = 0; path = Acronym.app; sourceTree = BUILT_PRODUCTS_DIR; };
		2B8D95C827B443CF002BD185 /* AppDelegate.swift */ = {isa = PBXFileReference; lastKnownFileType = sourcecode.swift; path = AppDelegate.swift; sourceTree = "<group>"; };
		2B8D95CA27B443CF002BD185 /* SceneDelegate.swift */ = {isa = PBXFileReference; lastKnownFileType = sourcecode.swift; path = SceneDelegate.swift; sourceTree = "<group>"; };
		2B8D95CC27B443CF002BD185 /* SearchViewController.swift */ = {isa = PBXFileReference; lastKnownFileType = sourcecode.swift; path = SearchViewController.swift; sourceTree = "<group>"; };
		2B8D95CF27B443CF002BD185 /* Base */ = {isa = PBXFileReference; lastKnownFileType = file.storyboard; name = Base; path = Base.lproj/Main.storyboard; sourceTree = "<group>"; };
		2B8D95D427B443D3002BD185 /* Assets.xcassets */ = {isa = PBXFileReference; lastKnownFileType = folder.assetcatalog; path = Assets.xcassets; sourceTree = "<group>"; };
		2B8D95D727B443D3002BD185 /* Base */ = {isa = PBXFileReference; lastKnownFileType = file.storyboard; name = Base; path = Base.lproj/LaunchScreen.storyboard; sourceTree = "<group>"; };
		2B8D95DE27B443D4002BD185 /* AcronymTests.xctest */ = {isa = PBXFileReference; explicitFileType = wrapper.cfbundle; includeInIndex = 0; path = AcronymTests.xctest; sourceTree = BUILT_PRODUCTS_DIR; };
		2B8D95E827B443D4002BD185 /* AcronymUITests.xctest */ = {isa = PBXFileReference; explicitFileType = wrapper.cfbundle; includeInIndex = 0; path = AcronymUITests.xctest; sourceTree = BUILT_PRODUCTS_DIR; };
		2B8D95EC27B443D4002BD185 /* AcronymUITests.swift */ = {isa = PBXFileReference; lastKnownFileType = sourcecode.swift; path = AcronymUITests.swift; sourceTree = "<group>"; };
		2B8D95EE27B443D4002BD185 /* AcronymUITestsLaunchTests.swift */ = {isa = PBXFileReference; lastKnownFileType = sourcecode.swift; path = AcronymUITestsLaunchTests.swift; sourceTree = "<group>"; };
		2B8D95FC27B4451A002BD185 /* ResultModel.swift */ = {isa = PBXFileReference; lastKnownFileType = sourcecode.swift; path = ResultModel.swift; sourceTree = "<group>"; };
		2B8D95FE27B447BA002BD185 /* NetworkManager.swift */ = {isa = PBXFileReference; lastKnownFileType = sourcecode.swift; path = NetworkManager.swift; sourceTree = "<group>"; };
		2B8D960127B44EE9002BD185 /* SearchCellViewModel.swift */ = {isa = PBXFileReference; lastKnownFileType = sourcecode.swift; path = SearchCellViewModel.swift; sourceTree = "<group>"; };
		2B8D960327B454DC002BD185 /* SearchViewModel.swift */ = {isa = PBXFileReference; lastKnownFileType = sourcecode.swift; path = SearchViewModel.swift; sourceTree = "<group>"; };
		2B8D960527B46ECE002BD185 /* SearchTableViewCell.swift */ = {isa = PBXFileReference; lastKnownFileType = sourcecode.swift; path = SearchTableViewCell.swift; sourceTree = "<group>"; };
		2B8D960B27B493D9002BD185 /* Info.plist */ = {isa = PBXFileReference; fileEncoding = 4; lastKnownFileType = text.plist.xml; path = Info.plist; sourceTree = "<group>"; };
		2B8D962027B50022002BD185 /* URLSessionProtocol.swift */ = {isa = PBXFileReference; lastKnownFileType = sourcecode.swift; path = URLSessionProtocol.swift; sourceTree = "<group>"; };
		2B8D962227B50435002BD185 /* URLSessionProtocolTests.swift */ = {isa = PBXFileReference; lastKnownFileType = sourcecode.swift; path = URLSessionProtocolTests.swift; sourceTree = "<group>"; };
		2B8D962427B50536002BD185 /* NetworkManagerTests.swift */ = {isa = PBXFileReference; lastKnownFileType = sourcecode.swift; path = NetworkManagerTests.swift; sourceTree = "<group>"; };
		2B8D962627B58389002BD185 /* MockURLSession.swift */ = {isa = PBXFileReference; lastKnownFileType = sourcecode.swift; path = MockURLSession.swift; sourceTree = "<group>"; };
		2B8D962927B58710002BD185 /* GETResultsMissingValuesResponse.json */ = {isa = PBXFileReference; fileEncoding = 4; lastKnownFileType = text.json; path = GETResultsMissingValuesResponse.json; sourceTree = "<group>"; };
		2B8D962A27B58710002BD185 /* Results.json */ = {isa = PBXFileReference; fileEncoding = 4; lastKnownFileType = text.json; path = Results.json; sourceTree = "<group>"; };
		2B8D962B27B58710002BD185 /* GETResultsResponse.json */ = {isa = PBXFileReference; fileEncoding = 4; lastKnownFileType = text.json; path = GETResultsResponse.json; sourceTree = "<group>"; };
		2B8D963127B58AB0002BD185 /* MockNetworkProtocol.swift */ = {isa = PBXFileReference; lastKnownFileType = sourcecode.swift; path = MockNetworkProtocol.swift; sourceTree = "<group>"; };
		2B8D963327B58D8A002BD185 /* ResultsModelTests.swift */ = {isa = PBXFileReference; lastKnownFileType = sourcecode.swift; path = ResultsModelTests.swift; sourceTree = "<group>"; };
		2B8D963727B5A01D002BD185 /* DecodableTestCase.swift */ = {isa = PBXFileReference; lastKnownFileType = sourcecode.swift; path = DecodableTestCase.swift; sourceTree = "<group>"; };
		2B8D963B27B5A6E4002BD185 /* Extensions.swift */ = {isa = PBXFileReference; lastKnownFileType = sourcecode.swift; path = Extensions.swift; sourceTree = "<group>"; };
/* End PBXFileReference section */

/* Begin PBXFrameworksBuildPhase section */
		2B8D95C227B443CF002BD185 /* Frameworks */ = {
			isa = PBXFrameworksBuildPhase;
			buildActionMask = 2147483647;
			files = (
			);
			runOnlyForDeploymentPostprocessing = 0;
		};
		2B8D95DB27B443D4002BD185 /* Frameworks */ = {
			isa = PBXFrameworksBuildPhase;
			buildActionMask = 2147483647;
			files = (
			);
			runOnlyForDeploymentPostprocessing = 0;
		};
		2B8D95E527B443D4002BD185 /* Frameworks */ = {
			isa = PBXFrameworksBuildPhase;
			buildActionMask = 2147483647;
			files = (
			);
			runOnlyForDeploymentPostprocessing = 0;
		};
/* End PBXFrameworksBuildPhase section */

/* Begin PBXGroup section */
		2B8D95BC27B443CF002BD185 = {
			isa = PBXGroup;
			children = (
				2B8D95C727B443CF002BD185 /* Acronym */,
				2B8D95E127B443D4002BD185 /* AcronymTests */,
				2B8D95EB27B443D4002BD185 /* AcronymUITests */,
				2B8D95C627B443CF002BD185 /* Products */,
			);
			sourceTree = "<group>";
		};
		2B8D95C627B443CF002BD185 /* Products */ = {
			isa = PBXGroup;
			children = (
				2B8D95C527B443CF002BD185 /* Acronym.app */,
				2B8D95DE27B443D4002BD185 /* AcronymTests.xctest */,
				2B8D95E827B443D4002BD185 /* AcronymUITests.xctest */,
			);
			name = Products;
			sourceTree = "<group>";
		};
		2B8D95C727B443CF002BD185 /* Acronym */ = {
			isa = PBXGroup;
			children = (
				2B8D964127B5BF9D002BD185 /* Networking */,
				2B8D963F27B5A886002BD185 /* Delegates */,
				2B8D963E27B5A848002BD185 /* Resources */,
				2B8D960727B490C5002BD185 /* Views */,
				2B8D960027B44ECE002BD185 /* ViewModel */,
				2B8D95FB27B44487002BD185 /* Model */,
				2B8D960B27B493D9002BD185 /* Info.plist */,
			);
			path = Acronym;
			sourceTree = "<group>";
		};
		2B8D95E127B443D4002BD185 /* AcronymTests */ = {
			isa = PBXGroup;
			children = (
				2B8D963727B5A01D002BD185 /* DecodableTestCase.swift */,
				2B8D962827B58710002BD185 /* MockData */,
				2B8D962227B50435002BD185 /* URLSessionProtocolTests.swift */,
				2B8D962427B50536002BD185 /* NetworkManagerTests.swift */,
				2B8D962627B58389002BD185 /* MockURLSession.swift */,
				2B8D963127B58AB0002BD185 /* MockNetworkProtocol.swift */,
				2B8D963327B58D8A002BD185 /* ResultsModelTests.swift */,
				2B8D963B27B5A6E4002BD185 /* Extensions.swift */,
			);
			path = AcronymTests;
			sourceTree = "<group>";
		};
		2B8D95EB27B443D4002BD185 /* AcronymUITests */ = {
			isa = PBXGroup;
			children = (
				2B8D95EC27B443D4002BD185 /* AcronymUITests.swift */,
				2B8D95EE27B443D4002BD185 /* AcronymUITestsLaunchTests.swift */,
			);
			path = AcronymUITests;
			sourceTree = "<group>";
		};
		2B8D95FB27B44487002BD185 /* Model */ = {
			isa = PBXGroup;
			children = (
				2B8D95FC27B4451A002BD185 /* ResultModel.swift */,
			);
			path = Model;
			sourceTree = "<group>";
		};
		2B8D960027B44ECE002BD185 /* ViewModel */ = {
			isa = PBXGroup;
			children = (
				2B8D960327B454DC002BD185 /* SearchViewModel.swift */,
				2B8D960127B44EE9002BD185 /* SearchCellViewModel.swift */,
			);
			path = ViewModel;
			sourceTree = "<group>";
		};
		2B8D960727B490C5002BD185 /* Views */ = {
			isa = PBXGroup;
			children = (
				2B8D963D27B5A82E002BD185 /* Storyboards */,
				2B8D960527B46ECE002BD185 /* SearchTableViewCell.swift */,
				2B8D95CC27B443CF002BD185 /* SearchViewController.swift */,
			);
			path = Views;
			sourceTree = "<group>";
		};
		2B8D962827B58710002BD185 /* MockData */ = {
			isa = PBXGroup;
			children = (
				2B8D962927B58710002BD185 /* GETResultsMissingValuesResponse.json */,
				2B8D962A27B58710002BD185 /* Results.json */,
				2B8D962B27B58710002BD185 /* GETResultsResponse.json */,
			);
			path = MockData;
			sourceTree = "<group>";
		};
		2B8D963D27B5A82E002BD185 /* Storyboards */ = {
			isa = PBXGroup;
			children = (
				2B8D95CE27B443CF002BD185 /* Main.storyboard */,
				2B8D95D627B443D3002BD185 /* LaunchScreen.storyboard */,
			);
			path = Storyboards;
			sourceTree = "<group>";
		};
		2B8D963E27B5A848002BD185 /* Resources */ = {
			isa = PBXGroup;
			children = (
				2B8D95D427B443D3002BD185 /* Assets.xcassets */,
			);
			path = Resources;
			sourceTree = "<group>";
		};
		2B8D963F27B5A886002BD185 /* Delegates */ = {
			isa = PBXGroup;
			children = (
				2B8D95C827B443CF002BD185 /* AppDelegate.swift */,
				2B8D95CA27B443CF002BD185 /* SceneDelegate.swift */,
			);
			path = Delegates;
			sourceTree = "<group>";
		};
		2B8D964127B5BF9D002BD185 /* Networking */ = {
			isa = PBXGroup;
			children = (
				2B8D962027B50022002BD185 /* URLSessionProtocol.swift */,
				2B8D95FE27B447BA002BD185 /* NetworkManager.swift */,
			);
			path = Networking;
			sourceTree = "<group>";
		};
/* End PBXGroup section */

/* Begin PBXNativeTarget section */
		2B8D95C427B443CF002BD185 /* Acronym */ = {
			isa = PBXNativeTarget;
			buildConfigurationList = 2B8D95F227B443D4002BD185 /* Build configuration list for PBXNativeTarget "Acronym" */;
			buildPhases = (
				2B8D95C127B443CF002BD185 /* Sources */,
				2B8D95C227B443CF002BD185 /* Frameworks */,
				2B8D95C327B443CF002BD185 /* Resources */,
			);
			buildRules = (
			);
			dependencies = (
			);
			name = Acronym;
			productName = Acronym;
			productReference = 2B8D95C527B443CF002BD185 /* Acronym.app */;
			productType = "com.apple.product-type.application";
		};
		2B8D95DD27B443D4002BD185 /* AcronymTests */ = {
			isa = PBXNativeTarget;
			buildConfigurationList = 2B8D95F527B443D4002BD185 /* Build configuration list for PBXNativeTarget "AcronymTests" */;
			buildPhases = (
				2B8D95DA27B443D4002BD185 /* Sources */,
				2B8D95DB27B443D4002BD185 /* Frameworks */,
				2B8D95DC27B443D4002BD185 /* Resources */,
			);
			buildRules = (
			);
			dependencies = (
				2B8D95E027B443D4002BD185 /* PBXTargetDependency */,
			);
			name = AcronymTests;
			productName = AcronymTests;
			productReference = 2B8D95DE27B443D4002BD185 /* AcronymTests.xctest */;
			productType = "com.apple.product-type.bundle.unit-test";
		};
		2B8D95E727B443D4002BD185 /* AcronymUITests */ = {
			isa = PBXNativeTarget;
			buildConfigurationList = 2B8D95F827B443D4002BD185 /* Build configuration list for PBXNativeTarget "AcronymUITests" */;
			buildPhases = (
				2B8D95E427B443D4002BD185 /* Sources */,
				2B8D95E527B443D4002BD185 /* Frameworks */,
				2B8D95E627B443D4002BD185 /* Resources */,
			);
			buildRules = (
			);
			dependencies = (
				2B8D95EA27B443D4002BD185 /* PBXTargetDependency */,
			);
			name = AcronymUITests;
			productName = AcronymUITests;
			productReference = 2B8D95E827B443D4002BD185 /* AcronymUITests.xctest */;
			productType = "com.apple.product-type.bundle.ui-testing";
		};
/* End PBXNativeTarget section */

/* Begin PBXProject section */
		2B8D95BD27B443CF002BD185 /* Project object */ = {
			isa = PBXProject;
			attributes = {
				BuildIndependentTargetsInParallel = 1;
				LastSwiftUpdateCheck = 1320;
				LastUpgradeCheck = 1320;
				TargetAttributes = {
					2B8D95C427B443CF002BD185 = {
						CreatedOnToolsVersion = 13.2.1;
					};
					2B8D95DD27B443D4002BD185 = {
						CreatedOnToolsVersion = 13.2.1;
						TestTargetID = 2B8D95C427B443CF002BD185;
					};
					2B8D95E727B443D4002BD185 = {
						CreatedOnToolsVersion = 13.2.1;
						TestTargetID = 2B8D95C427B443CF002BD185;
					};
				};
			};
			buildConfigurationList = 2B8D95C027B443CF002BD185 /* Build configuration list for PBXProject "Acronym" */;
			compatibilityVersion = "Xcode 13.0";
			developmentRegion = en;
			hasScannedForEncodings = 0;
			knownRegions = (
				en,
				Base,
			);
			mainGroup = 2B8D95BC27B443CF002BD185;
			productRefGroup = 2B8D95C627B443CF002BD185 /* Products */;
			projectDirPath = "";
			projectRoot = "";
			targets = (
				2B8D95C427B443CF002BD185 /* Acronym */,
				2B8D95DD27B443D4002BD185 /* AcronymTests */,
				2B8D95E727B443D4002BD185 /* AcronymUITests */,
			);
		};
/* End PBXProject section */

/* Begin PBXResourcesBuildPhase section */
		2B8D95C327B443CF002BD185 /* Resources */ = {
			isa = PBXResourcesBuildPhase;
			buildActionMask = 2147483647;
			files = (
				2B8D961327B494CD002BD185 /* Assets.xcassets in Resources */,
				2B8D961227B494B3002BD185 /* Main.storyboard in Resources */,
				2B8D961127B494AD002BD185 /* LaunchScreen.storyboard in Resources */,
			);
			runOnlyForDeploymentPostprocessing = 0;
		};
		2B8D95DC27B443D4002BD185 /* Resources */ = {
			isa = PBXResourcesBuildPhase;
			buildActionMask = 2147483647;
			files = (
				2B8D962E27B58710002BD185 /* Results.json in Resources */,
				2B8D962F27B58710002BD185 /* GETResultsResponse.json in Resources */,
				2B8D962D27B58710002BD185 /* GETResultsMissingValuesResponse.json in Resources */,
			);
			runOnlyForDeploymentPostprocessing = 0;
		};
		2B8D95E627B443D4002BD185 /* Resources */ = {
			isa = PBXResourcesBuildPhase;
			buildActionMask = 2147483647;
			files = (
			);
			runOnlyForDeploymentPostprocessing = 0;
		};
/* End PBXResourcesBuildPhase section */

/* Begin PBXSourcesBuildPhase section */
		2B8D95C127B443CF002BD185 /* Sources */ = {
			isa = PBXSourcesBuildPhase;
			buildActionMask = 2147483647;
			files = (
				2B8D962127B50022002BD185 /* URLSessionProtocol.swift in Sources */,
				2B8D961F27B49554002BD185 /* SearchCellViewModel.swift in Sources */,
				2B8D961E27B49521002BD185 /* ResultModel.swift in Sources */,
				2B8D961D27B49512002BD185 /* SearchViewController.swift in Sources */,
				2B8D961527B494F2002BD185 /* SearchViewModel.swift in Sources */,
				2B8D961627B494F2002BD185 /* SearchTableViewCell.swift in Sources */,
				2B8D961727B494F2002BD185 /* AppDelegate.swift in Sources */,
				2B8D961827B494F2002BD185 /* SceneDelegate.swift in Sources */,
				2B8D961B27B494F2002BD185 /* NetworkManager.swift in Sources */,
			);
			runOnlyForDeploymentPostprocessing = 0;
		};
		2B8D95DA27B443D4002BD185 /* Sources */ = {
			isa = PBXSourcesBuildPhase;
			buildActionMask = 2147483647;
			files = (
				2B8D963427B58D8A002BD185 /* ResultsModelTests.swift in Sources */,
				2B8D962727B58389002BD185 /* MockURLSession.swift in Sources */,
				2B8D962527B50536002BD185 /* NetworkManagerTests.swift in Sources */,
				2B8D963C27B5A6E4002BD185 /* Extensions.swift in Sources */,
				2B8D963227B58AB0002BD185 /* MockNetworkProtocol.swift in Sources */,
				2B8D963827B5A01D002BD185 /* DecodableTestCase.swift in Sources */,
				2B8D962327B50435002BD185 /* URLSessionProtocolTests.swift in Sources */,
			);
			runOnlyForDeploymentPostprocessing = 0;
		};
		2B8D95E427B443D4002BD185 /* Sources */ = {
			isa = PBXSourcesBuildPhase;
			buildActionMask = 2147483647;
			files = (
				2B8D95EF27B443D4002BD185 /* AcronymUITestsLaunchTests.swift in Sources */,
				2B8D95ED27B443D4002BD185 /* AcronymUITests.swift in Sources */,
			);
			runOnlyForDeploymentPostprocessing = 0;
		};
/* End PBXSourcesBuildPhase section */

/* Begin PBXTargetDependency section */
		2B8D95E027B443D4002BD185 /* PBXTargetDependency */ = {
			isa = PBXTargetDependency;
			target = 2B8D95C427B443CF002BD185 /* Acronym */;
			targetProxy = 2B8D95DF27B443D4002BD185 /* PBXContainerItemProxy */;
		};
		2B8D95EA27B443D4002BD185 /* PBXTargetDependency */ = {
			isa = PBXTargetDependency;
			target = 2B8D95C427B443CF002BD185 /* Acronym */;
			targetProxy = 2B8D95E927B443D4002BD185 /* PBXContainerItemProxy */;
		};
/* End PBXTargetDependency section */

/* Begin PBXVariantGroup section */
		2B8D95CE27B443CF002BD185 /* Main.storyboard */ = {
			isa = PBXVariantGroup;
			children = (
				2B8D95CF27B443CF002BD185 /* Base */,
			);
			name = Main.storyboard;
			sourceTree = "<group>";
		};
		2B8D95D627B443D3002BD185 /* LaunchScreen.storyboard */ = {
			isa = PBXVariantGroup;
			children = (
				2B8D95D727B443D3002BD185 /* Base */,
			);
			name = LaunchScreen.storyboard;
			sourceTree = "<group>";
		};
/* End PBXVariantGroup section */

/* Begin XCBuildConfiguration section */
		2B8D95F027B443D4002BD185 /* Debug */ = {
			isa = XCBuildConfiguration;
			buildSettings = {
				ALWAYS_SEARCH_USER_PATHS = NO;
				CLANG_ANALYZER_NONNULL = YES;
				CLANG_ANALYZER_NUMBER_OBJECT_CONVERSION = YES_AGGRESSIVE;
				CLANG_CXX_LANGUAGE_STANDARD = "gnu++17";
				CLANG_CXX_LIBRARY = "libc++";
				CLANG_ENABLE_MODULES = YES;
				CLANG_ENABLE_OBJC_ARC = YES;
				CLANG_ENABLE_OBJC_WEAK = YES;
				CLANG_WARN_BLOCK_CAPTURE_AUTORELEASING = YES;
				CLANG_WARN_BOOL_CONVERSION = YES;
				CLANG_WARN_COMMA = YES;
				CLANG_WARN_CONSTANT_CONVERSION = YES;
				CLANG_WARN_DEPRECATED_OBJC_IMPLEMENTATIONS = YES;
				CLANG_WARN_DIRECT_OBJC_ISA_USAGE = YES_ERROR;
				CLANG_WARN_DOCUMENTATION_COMMENTS = YES;
				CLANG_WARN_EMPTY_BODY = YES;
				CLANG_WARN_ENUM_CONVERSION = YES;
				CLANG_WARN_INFINITE_RECURSION = YES;
				CLANG_WARN_INT_CONVERSION = YES;
				CLANG_WARN_NON_LITERAL_NULL_CONVERSION = YES;
				CLANG_WARN_OBJC_IMPLICIT_RETAIN_SELF = YES;
				CLANG_WARN_OBJC_LITERAL_CONVERSION = YES;
				CLANG_WARN_OBJC_ROOT_CLASS = YES_ERROR;
				CLANG_WARN_QUOTED_INCLUDE_IN_FRAMEWORK_HEADER = YES;
				CLANG_WARN_RANGE_LOOP_ANALYSIS = YES;
				CLANG_WARN_STRICT_PROTOTYPES = YES;
				CLANG_WARN_SUSPICIOUS_MOVE = YES;
				CLANG_WARN_UNGUARDED_AVAILABILITY = YES_AGGRESSIVE;
				CLANG_WARN_UNREACHABLE_CODE = YES;
				CLANG_WARN__DUPLICATE_METHOD_MATCH = YES;
				COPY_PHASE_STRIP = NO;
				DEBUG_INFORMATION_FORMAT = dwarf;
				ENABLE_STRICT_OBJC_MSGSEND = YES;
				ENABLE_TESTABILITY = YES;
				GCC_C_LANGUAGE_STANDARD = gnu11;
				GCC_DYNAMIC_NO_PIC = NO;
				GCC_NO_COMMON_BLOCKS = YES;
				GCC_OPTIMIZATION_LEVEL = 0;
				GCC_PREPROCESSOR_DEFINITIONS = (
					"DEBUG=1",
					"$(inherited)",
				);
				GCC_WARN_64_TO_32_BIT_CONVERSION = YES;
				GCC_WARN_ABOUT_RETURN_TYPE = YES_ERROR;
				GCC_WARN_UNDECLARED_SELECTOR = YES;
				GCC_WARN_UNINITIALIZED_AUTOS = YES_AGGRESSIVE;
				GCC_WARN_UNUSED_FUNCTION = YES;
				GCC_WARN_UNUSED_VARIABLE = YES;
				IPHONEOS_DEPLOYMENT_TARGET = 15.2;
				MTL_ENABLE_DEBUG_INFO = INCLUDE_SOURCE;
				MTL_FAST_MATH = YES;
				ONLY_ACTIVE_ARCH = YES;
				SDKROOT = iphoneos;
				SWIFT_ACTIVE_COMPILATION_CONDITIONS = DEBUG;
				SWIFT_OPTIMIZATION_LEVEL = "-Onone";
			};
			name = Debug;
		};
		2B8D95F127B443D4002BD185 /* Release */ = {
			isa = XCBuildConfiguration;
			buildSettings = {
				ALWAYS_SEARCH_USER_PATHS = NO;
				CLANG_ANALYZER_NONNULL = YES;
				CLANG_ANALYZER_NUMBER_OBJECT_CONVERSION = YES_AGGRESSIVE;
				CLANG_CXX_LANGUAGE_STANDARD = "gnu++17";
				CLANG_CXX_LIBRARY = "libc++";
				CLANG_ENABLE_MODULES = YES;
				CLANG_ENABLE_OBJC_ARC = YES;
				CLANG_ENABLE_OBJC_WEAK = YES;
				CLANG_WARN_BLOCK_CAPTURE_AUTORELEASING = YES;
				CLANG_WARN_BOOL_CONVERSION = YES;
				CLANG_WARN_COMMA = YES;
				CLANG_WARN_CONSTANT_CONVERSION = YES;
				CLANG_WARN_DEPRECATED_OBJC_IMPLEMENTATIONS = YES;
				CLANG_WARN_DIRECT_OBJC_ISA_USAGE = YES_ERROR;
				CLANG_WARN_DOCUMENTATION_COMMENTS = YES;
				CLANG_WARN_EMPTY_BODY = YES;
				CLANG_WARN_ENUM_CONVERSION = YES;
				CLANG_WARN_INFINITE_RECURSION = YES;
				CLANG_WARN_INT_CONVERSION = YES;
				CLANG_WARN_NON_LITERAL_NULL_CONVERSION = YES;
				CLANG_WARN_OBJC_IMPLICIT_RETAIN_SELF = YES;
				CLANG_WARN_OBJC_LITERAL_CONVERSION = YES;
				CLANG_WARN_OBJC_ROOT_CLASS = YES_ERROR;
				CLANG_WARN_QUOTED_INCLUDE_IN_FRAMEWORK_HEADER = YES;
				CLANG_WARN_RANGE_LOOP_ANALYSIS = YES;
				CLANG_WARN_STRICT_PROTOTYPES = YES;
				CLANG_WARN_SUSPICIOUS_MOVE = YES;
				CLANG_WARN_UNGUARDED_AVAILABILITY = YES_AGGRESSIVE;
				CLANG_WARN_UNREACHABLE_CODE = YES;
				CLANG_WARN__DUPLICATE_METHOD_MATCH = YES;
				COPY_PHASE_STRIP = NO;
				DEBUG_INFORMATION_FORMAT = "dwarf-with-dsym";
				ENABLE_NS_ASSERTIONS = NO;
				ENABLE_STRICT_OBJC_MSGSEND = YES;
				GCC_C_LANGUAGE_STANDARD = gnu11;
				GCC_NO_COMMON_BLOCKS = YES;
				GCC_WARN_64_TO_32_BIT_CONVERSION = YES;
				GCC_WARN_ABOUT_RETURN_TYPE = YES_ERROR;
				GCC_WARN_UNDECLARED_SELECTOR = YES;
				GCC_WARN_UNINITIALIZED_AUTOS = YES_AGGRESSIVE;
				GCC_WARN_UNUSED_FUNCTION = YES;
				GCC_WARN_UNUSED_VARIABLE = YES;
				IPHONEOS_DEPLOYMENT_TARGET = 15.2;
				MTL_ENABLE_DEBUG_INFO = NO;
				MTL_FAST_MATH = YES;
				SDKROOT = iphoneos;
				SWIFT_COMPILATION_MODE = wholemodule;
				SWIFT_OPTIMIZATION_LEVEL = "-O";
				VALIDATE_PRODUCT = YES;
			};
			name = Release;
		};
		2B8D95F327B443D4002BD185 /* Debug */ = {
			isa = XCBuildConfiguration;
			buildSettings = {
				ASSETCATALOG_COMPILER_APPICON_NAME = AppIcon;
				ASSETCATALOG_COMPILER_GLOBAL_ACCENT_COLOR_NAME = AccentColor;
				CODE_SIGN_STYLE = Automatic;
				CURRENT_PROJECT_VERSION = 1;
				DEVELOPMENT_TEAM = S9Q4T36JCD;
				GENERATE_INFOPLIST_FILE = YES;
				INFOPLIST_FILE = Acronym/Info.plist;
				INFOPLIST_KEY_UIApplicationSupportsIndirectInputEvents = YES;
				INFOPLIST_KEY_UILaunchStoryboardName = LaunchScreen;
				INFOPLIST_KEY_UIMainStoryboardFile = Main;
				INFOPLIST_KEY_UISupportedInterfaceOrientations_iPad = "UIInterfaceOrientationPortrait UIInterfaceOrientationPortraitUpsideDown UIInterfaceOrientationLandscapeLeft UIInterfaceOrientationLandscapeRight";
				INFOPLIST_KEY_UISupportedInterfaceOrientations_iPhone = "UIInterfaceOrientationPortrait UIInterfaceOrientationLandscapeLeft UIInterfaceOrientationLandscapeRight";
				LD_RUNPATH_SEARCH_PATHS = (
					"$(inherited)",
					"@executable_path/Frameworks",
				);
				MARKETING_VERSION = 1.0;
				PRODUCT_BUNDLE_IDENTIFIER = com.stevenation.Acronym;
				PRODUCT_NAME = "$(TARGET_NAME)";
				SWIFT_EMIT_LOC_STRINGS = YES;
				SWIFT_VERSION = 5.0;
				TARGETED_DEVICE_FAMILY = "1,2";
			};
			name = Debug;
		};
		2B8D95F427B443D4002BD185 /* Release */ = {
			isa = XCBuildConfiguration;
			buildSettings = {
				ASSETCATALOG_COMPILER_APPICON_NAME = AppIcon;
				ASSETCATALOG_COMPILER_GLOBAL_ACCENT_COLOR_NAME = AccentColor;
				CODE_SIGN_STYLE = Automatic;
				CURRENT_PROJECT_VERSION = 1;
				DEVELOPMENT_TEAM = S9Q4T36JCD;
				GENERATE_INFOPLIST_FILE = YES;
				INFOPLIST_FILE = Acronym/Info.plist;
				INFOPLIST_KEY_UIApplicationSupportsIndirectInputEvents = YES;
				INFOPLIST_KEY_UILaunchStoryboardName = LaunchScreen;
				INFOPLIST_KEY_UIMainStoryboardFile = Main;
				INFOPLIST_KEY_UISupportedInterfaceOrientations_iPad = "UIInterfaceOrientationPortrait UIInterfaceOrientationPortraitUpsideDown UIInterfaceOrientationLandscapeLeft UIInterfaceOrientationLandscapeRight";
				INFOPLIST_KEY_UISupportedInterfaceOrientations_iPhone = "UIInterfaceOrientationPortrait UIInterfaceOrientationLandscapeLeft UIInterfaceOrientationLandscapeRight";
				LD_RUNPATH_SEARCH_PATHS = (
					"$(inherited)",
					"@executable_path/Frameworks",
				);
				MARKETING_VERSION = 1.0;
				PRODUCT_BUNDLE_IDENTIFIER = com.stevenation.Acronym;
				PRODUCT_NAME = "$(TARGET_NAME)";
				SWIFT_EMIT_LOC_STRINGS = YES;
				SWIFT_VERSION = 5.0;
				TARGETED_DEVICE_FAMILY = "1,2";
			};
			name = Release;
		};
		2B8D95F627B443D4002BD185 /* Debug */ = {
			isa = XCBuildConfiguration;
			buildSettings = {
				ALWAYS_EMBED_SWIFT_STANDARD_LIBRARIES = YES;
				BUNDLE_LOADER = "$(TEST_HOST)";
				CODE_SIGN_STYLE = Automatic;
				CURRENT_PROJECT_VERSION = 1;
				DEVELOPMENT_TEAM = S9Q4T36JCD;
				GENERATE_INFOPLIST_FILE = YES;
				IPHONEOS_DEPLOYMENT_TARGET = 15.2;
				MARKETING_VERSION = 1.0;
				PRODUCT_BUNDLE_IDENTIFIER = com.stevenation.AcronymTests;
				PRODUCT_NAME = "$(TARGET_NAME)";
				SWIFT_EMIT_LOC_STRINGS = NO;
				SWIFT_VERSION = 5.0;
				TARGETED_DEVICE_FAMILY = "1,2";
				TEST_HOST = "$(BUILT_PRODUCTS_DIR)/Acronym.app/Acronym";
			};
			name = Debug;
		};
		2B8D95F727B443D4002BD185 /* Release */ = {
			isa = XCBuildConfiguration;
			buildSettings = {
				ALWAYS_EMBED_SWIFT_STANDARD_LIBRARIES = YES;
				BUNDLE_LOADER = "$(TEST_HOST)";
				CODE_SIGN_STYLE = Automatic;
				CURRENT_PROJECT_VERSION = 1;
				DEVELOPMENT_TEAM = S9Q4T36JCD;
				GENERATE_INFOPLIST_FILE = YES;
				IPHONEOS_DEPLOYMENT_TARGET = 15.2;
				MARKETING_VERSION = 1.0;
				PRODUCT_BUNDLE_IDENTIFIER = com.stevenation.AcronymTests;
				PRODUCT_NAME = "$(TARGET_NAME)";
				SWIFT_EMIT_LOC_STRINGS = NO;
				SWIFT_VERSION = 5.0;
				TARGETED_DEVICE_FAMILY = "1,2";
				TEST_HOST = "$(BUILT_PRODUCTS_DIR)/Acronym.app/Acronym";
			};
			name = Release;
		};
		2B8D95F927B443D4002BD185 /* Debug */ = {
			isa = XCBuildConfiguration;
			buildSettings = {
				ALWAYS_EMBED_SWIFT_STANDARD_LIBRARIES = YES;
				CODE_SIGN_STYLE = Automatic;
				CURRENT_PROJECT_VERSION = 1;
				DEVELOPMENT_TEAM = S9Q4T36JCD;
				GENERATE_INFOPLIST_FILE = YES;
				MARKETING_VERSION = 1.0;
				PRODUCT_BUNDLE_IDENTIFIER = com.stevenation.AcronymUITests;
				PRODUCT_NAME = "$(TARGET_NAME)";
				SWIFT_EMIT_LOC_STRINGS = NO;
				SWIFT_VERSION = 5.0;
				TARGETED_DEVICE_FAMILY = "1,2";
				TEST_TARGET_NAME = Acronym;
			};
			name = Debug;
		};
		2B8D95FA27B443D4002BD185 /* Release */ = {
			isa = XCBuildConfiguration;
			buildSettings = {
				ALWAYS_EMBED_SWIFT_STANDARD_LIBRARIES = YES;
				CODE_SIGN_STYLE = Automatic;
				CURRENT_PROJECT_VERSION = 1;
				DEVELOPMENT_TEAM = S9Q4T36JCD;
				GENERATE_INFOPLIST_FILE = YES;
				MARKETING_VERSION = 1.0;
				PRODUCT_BUNDLE_IDENTIFIER = com.stevenation.AcronymUITests;
				PRODUCT_NAME = "$(TARGET_NAME)";
				SWIFT_EMIT_LOC_STRINGS = NO;
				SWIFT_VERSION = 5.0;
				TARGETED_DEVICE_FAMILY = "1,2";
				TEST_TARGET_NAME = Acronym;
			};
			name = Release;
		};
/* End XCBuildConfiguration section */

/* Begin XCConfigurationList section */
		2B8D95C027B443CF002BD185 /* Build configuration list for PBXProject "Acronym" */ = {
			isa = XCConfigurationList;
			buildConfigurations = (
				2B8D95F027B443D4002BD185 /* Debug */,
				2B8D95F127B443D4002BD185 /* Release */,
			);
			defaultConfigurationIsVisible = 0;
			defaultConfigurationName = Release;
		};
		2B8D95F227B443D4002BD185 /* Build configuration list for PBXNativeTarget "Acronym" */ = {
			isa = XCConfigurationList;
			buildConfigurations = (
				2B8D95F327B443D4002BD185 /* Debug */,
				2B8D95F427B443D4002BD185 /* Release */,
			);
			defaultConfigurationIsVisible = 0;
			defaultConfigurationName = Release;
		};
		2B8D95F527B443D4002BD185 /* Build configuration list for PBXNativeTarget "AcronymTests" */ = {
			isa = XCConfigurationList;
			buildConfigurations = (
				2B8D95F627B443D4002BD185 /* Debug */,
				2B8D95F727B443D4002BD185 /* Release */,
			);
			defaultConfigurationIsVisible = 0;
			defaultConfigurationName = Release;
		};
		2B8D95F827B443D4002BD185 /* Build configuration list for PBXNativeTarget "AcronymUITests" */ = {
			isa = XCConfigurationList;
			buildConfigurations = (
				2B8D95F927B443D4002BD185 /* Debug */,
				2B8D95FA27B443D4002BD185 /* Release */,
			);
			defaultConfigurationIsVisible = 0;
			defaultConfigurationName = Release;
		};
/* End XCConfigurationList section */
	};
	rootObject = 2B8D95BD27B443CF002BD185 /* Project object */;
}
